
Microsoft Visual Studio Solution File, Format Version 12.00
# Visual Studio Version 17
VisualStudioVersion = 17.0.31903.59
MinimumVisualStudioVersion = 10.0.40219.1
Project("{9A19103F-16F7-4668-BE54-9A1E7A4F7556}") = "SeaSharkChain.Core", "SeaSharkChain.Core\SeaSharkChain.Core.csproj", "{1737AEFC-4C4E-49C7-9285-E602375CA850}"
EndProject
Project("{FAE04EC0-301F-11D3-BF4B-00C04F79EFBC}") = "SeaSharkChain.Tests", "SeaSharkChain.Tests\SeaSharkChain.Tests.csproj", "{FB552191-E072-499B-ACD7-DF93DF4DDEDE}"
EndProject
Global
	GlobalSection(SolutionConfigurationPlatforms) = preSolution
		Debug|Any CPU = Debug|Any CPU
		Release|Any CPU = Release|Any CPU
	EndGlobalSection
	GlobalSection(ProjectConfigurationPlatforms) = postSolution
		{1737AEFC-4C4E-49C7-9285-E602375CA850}.Debug|Any CPU.ActiveCfg = Debug|Any CPU
		{1737AEFC-4C4E-49C7-9285-E602375CA850}.Debug|Any CPU.Build.0 = Debug|Any CPU
		{1737AEFC-4C4E-49C7-9285-E602375CA850}.Release|Any CPU.ActiveCfg = Release|Any CPU
		{1737AEFC-4C4E-49C7-9285-E602375CA850}.Release|Any CPU.Build.0 = Release|Any CPU
		{FB552191-E072-499B-ACD7-DF93DF4DDEDE}.Debug|Any CPU.ActiveCfg = Debug|Any CPU
		{FB552191-E072-499B-ACD7-DF93DF4DDEDE}.Debug|Any CPU.Build.0 = Debug|Any CPU
		{FB552191-E072-499B-ACD7-DF93DF4DDEDE}.Release|Any CPU.ActiveCfg = Release|Any CPU
		{FB552191-E072-499B-ACD7-DF93DF4DDEDE}.Release|Any CPU.Build.0 = Release|Any CPU
	EndGlobalSection
	GlobalSection(SolutionProperties) = preSolution
		HideSolutionNode = FALSE
	EndGlobalSection
	GlobalSection(ExtensibilityGlobals) = postSolution
		SolutionGuid = {97BDB079-A535-4E71-8799-D2C130008F2C}
	EndGlobalSection
EndGlobal
